
Microsoft Visual Studio Solution File, Format Version 12.00
# Visual Studio Version 17
VisualStudioVersion = 17.14.36221.1 d17.14
MinimumVisualStudioVersion = 10.0.40219.1
Project("{FAE04EC0-301F-11D3-BF4B-00C04F79EFBC}") = "AMANCIO_CaO", "AMANCIO_CaO\AMANCIO_CaO.csproj", "{D69DC65B-5DD7-4EA5-AC29-F65458725E61}"
EndProject
Global
	GlobalSection(SolutionConfigurationPlatforms) = preSolution
		Debug|Any CPU = Debug|Any CPU
		Release|Any CPU = Release|Any CPU
	EndGlobalSection
	GlobalSection(ProjectConfigurationPlatforms) = postSolution
		{D69DC65B-5DD7-4EA5-AC29-F65458725E61}.Debug|Any CPU.ActiveCfg = Debug|Any CPU
		{D69DC65B-5DD7-4EA5-AC29-F65458725E61}.Debug|Any CPU.Build.0 = Debug|Any CPU
		{D69DC65B-5DD7-4EA5-AC29-F65458725E61}.Release|Any CPU.ActiveCfg = Release|Any CPU
		{D69DC65B-5DD7-4EA5-AC29-F65458725E61}.Release|Any CPU.Build.0 = Release|Any CPU
	EndGlobalSection
	GlobalSection(SolutionProperties) = preSolution
		HideSolutionNode = FALSE
	EndGlobalSection
	GlobalSection(ExtensibilityGlobals) = postSolution
		SolutionGuid = {A7A0C57A-1A30-41DD-8B95-2BD40620564F}
	EndGlobalSection
EndGlobal
